
Microsoft Visual Studio Solution File, Format Version 12.00
# Visual Studio Version 17
VisualStudioVersion = 17.11.35327.3
MinimumVisualStudioVersion = 10.0.40219.1
Project("{FAE04EC0-301F-11D3-BF4B-00C04F79EFBC}") = "MauiAppHotel", "MauiAppHotel\MauiAppHotel.csproj", "{3C1B6C94-EB83-46AE-9807-3F17DC555C11}"
EndProject
Global
	GlobalSection(SolutionConfigurationPlatforms) = preSolution
		Debug|Any CPU = Debug|Any CPU
		Release|Any CPU = Release|Any CPU
	EndGlobalSection
	GlobalSection(ProjectConfigurationPlatforms) = postSolution
		{3C1B6C94-EB83-46AE-9807-3F17DC555C11}.Debug|Any CPU.ActiveCfg = Debug|Any CPU
		{3C1B6C94-EB83-46AE-9807-3F17DC555C11}.Debug|Any CPU.Build.0 = Debug|Any CPU
		{3C1B6C94-EB83-46AE-9807-3F17DC555C11}.Debug|Any CPU.Deploy.0 = Debug|Any CPU
		{3C1B6C94-EB83-46AE-9807-3F17DC555C11}.Release|Any CPU.ActiveCfg = Release|Any CPU
		{3C1B6C94-EB83-46AE-9807-3F17DC555C11}.Release|Any CPU.Build.0 = Release|Any CPU
		{3C1B6C94-EB83-46AE-9807-3F17DC555C11}.Release|Any CPU.Deploy.0 = Release|Any CPU
	EndGlobalSection
	GlobalSection(SolutionProperties) = preSolution
		HideSolutionNode = FALSE
	EndGlobalSection
	GlobalSection(ExtensibilityGlobals) = postSolution
		SolutionGuid = {9FA554A0-D975-4D16-8E23-D4751E5AD094}
	EndGlobalSection
EndGlobal
